
Microsoft Visual Studio Solution File, Format Version 12.00
# Visual Studio 15
VisualStudioVersion = 15.0.27130.2027
MinimumVisualStudioVersion = 10.0.40219.1
Project("{FAE04EC0-301F-11D3-BF4B-00C04F79EFBC}") = "AgileTrace", "AgileTrace\AgileTrace.csproj", "{7ED5459C-7693-43C7-B355-21727E13A4AA}"
EndProject
Project("{FAE04EC0-301F-11D3-BF4B-00C04F79EFBC}") = "AgileTrace.Repository", "AgileTrace.Repository\AgileTrace.Repository.csproj", "{AA583BB0-00BF-47BA-A5EE-066881D33A64}"
EndProject
Global
	GlobalSection(SolutionConfigurationPlatforms) = preSolution
		Debug|Any CPU = Debug|Any CPU
		Release|Any CPU = Release|Any CPU
	EndGlobalSection
	GlobalSection(ProjectConfigurationPlatforms) = postSolution
		{7ED5459C-7693-43C7-B355-21727E13A4AA}.Debug|Any CPU.ActiveCfg = Debug|Any CPU
		{7ED5459C-7693-43C7-B355-21727E13A4AA}.Debug|Any CPU.Build.0 = Debug|Any CPU
		{7ED5459C-7693-43C7-B355-21727E13A4AA}.Release|Any CPU.ActiveCfg = Release|Any CPU
		{7ED5459C-7693-43C7-B355-21727E13A4AA}.Release|Any CPU.Build.0 = Release|Any CPU
		{AA583BB0-00BF-47BA-A5EE-066881D33A64}.Debug|Any CPU.ActiveCfg = Debug|Any CPU
		{AA583BB0-00BF-47BA-A5EE-066881D33A64}.Debug|Any CPU.Build.0 = Debug|Any CPU
		{AA583BB0-00BF-47BA-A5EE-066881D33A64}.Release|Any CPU.ActiveCfg = Release|Any CPU
		{AA583BB0-00BF-47BA-A5EE-066881D33A64}.Release|Any CPU.Build.0 = Release|Any CPU
	EndGlobalSection
	GlobalSection(SolutionProperties) = preSolution
		HideSolutionNode = FALSE
	EndGlobalSection
	GlobalSection(ExtensibilityGlobals) = postSolution
		SolutionGuid = {1D56B431-40A3-4639-B07B-0A134BD6BE76}
	EndGlobalSection
EndGlobal
