
Microsoft Visual Studio Solution File, Format Version 12.00
# Visual Studio 15
VisualStudioVersion = 15.0.27130.2027
MinimumVisualStudioVersion = 10.0.40219.1
Project("{9A19103F-16F7-4668-BE54-9A1E7A4F7556}") = "AgileTrace.Website", "AgileTrace.Website\AgileTrace.Website.csproj", "{7ED5459C-7693-43C7-B355-21727E13A4AA}"
EndProject
Project("{9A19103F-16F7-4668-BE54-9A1E7A4F7556}") = "20 AgileTrace.IRepository", "AgileTrace.IRepository\20 AgileTrace.IRepository.csproj", "{40FD6B57-7517-46C0-89DF-B2E3A15F41C5}"
EndProject
Project("{9A19103F-16F7-4668-BE54-9A1E7A4F7556}") = "10 AgileTrace.Entity", "AgileTrace.Entity\10 AgileTrace.Entity.csproj", "{BB3ADC63-5D69-46A3-96F2-9133355604BE}"
EndProject
Project("{9A19103F-16F7-4668-BE54-9A1E7A4F7556}") = "30 AgileTrace.IService", "AgileTrace.IService\30 AgileTrace.IService.csproj", "{2FB9CC0B-93D7-4A79-AD12-A889878931C5}"
EndProject
Project("{9A19103F-16F7-4668-BE54-9A1E7A4F7556}") = "31 AgileTrace.Service", "AgileTrace.Service\31 AgileTrace.Service.csproj", "{5766F7B2-4C63-4FC2-AC35-7D7B75FF6673}"
EndProject
Project("{9A19103F-16F7-4668-BE54-9A1E7A4F7556}") = "00 AgileTrace.Configuration", "AgileTrace.Configuration\00 AgileTrace.Configuration.csproj", "{E4976B2A-9012-4B03-AD2B-42E751335762}"
EndProject
Project("{9A19103F-16F7-4668-BE54-9A1E7A4F7556}") = "21 AgileTrace.Repository.Common", "AgileTrace.Repository.Common\21 AgileTrace.Repository.Common.csproj", "{7DF8AB18-46FD-4D97-81C3-5E5DA9F4B00B}"
EndProject
Project("{9A19103F-16F7-4668-BE54-9A1E7A4F7556}") = "23 AgileTrace.Repository.Sql", "AgileTrace.Repository.Sql\23 AgileTrace.Repository.Sql.csproj", "{9E61FF3C-4C10-4245-83DA-51BC6455553C}"
EndProject
Project("{9A19103F-16F7-4668-BE54-9A1E7A4F7556}") = "22 AgileTrace.Repository.MongoDb", "AgileTrace.Repository.MongoDb\22 AgileTrace.Repository.MongoDb.csproj", "{BDB84518-0FAB-410D-A596-DCD34F6403B1}"
EndProject
Global
	GlobalSection(SolutionConfigurationPlatforms) = preSolution
		Debug|Any CPU = Debug|Any CPU
		Release|Any CPU = Release|Any CPU
	EndGlobalSection
	GlobalSection(ProjectConfigurationPlatforms) = postSolution
		{7ED5459C-7693-43C7-B355-21727E13A4AA}.Debug|Any CPU.ActiveCfg = Debug|Any CPU
		{7ED5459C-7693-43C7-B355-21727E13A4AA}.Debug|Any CPU.Build.0 = Debug|Any CPU
		{7ED5459C-7693-43C7-B355-21727E13A4AA}.Release|Any CPU.ActiveCfg = Release|Any CPU
		{7ED5459C-7693-43C7-B355-21727E13A4AA}.Release|Any CPU.Build.0 = Release|Any CPU
		{40FD6B57-7517-46C0-89DF-B2E3A15F41C5}.Debug|Any CPU.ActiveCfg = Debug|Any CPU
		{40FD6B57-7517-46C0-89DF-B2E3A15F41C5}.Debug|Any CPU.Build.0 = Debug|Any CPU
		{40FD6B57-7517-46C0-89DF-B2E3A15F41C5}.Release|Any CPU.ActiveCfg = Release|Any CPU
		{40FD6B57-7517-46C0-89DF-B2E3A15F41C5}.Release|Any CPU.Build.0 = Release|Any CPU
		{BB3ADC63-5D69-46A3-96F2-9133355604BE}.Debug|Any CPU.ActiveCfg = Debug|Any CPU
		{BB3ADC63-5D69-46A3-96F2-9133355604BE}.Debug|Any CPU.Build.0 = Debug|Any CPU
		{BB3ADC63-5D69-46A3-96F2-9133355604BE}.Release|Any CPU.ActiveCfg = Release|Any CPU
		{BB3ADC63-5D69-46A3-96F2-9133355604BE}.Release|Any CPU.Build.0 = Release|Any CPU
		{2FB9CC0B-93D7-4A79-AD12-A889878931C5}.Debug|Any CPU.ActiveCfg = Debug|Any CPU
		{2FB9CC0B-93D7-4A79-AD12-A889878931C5}.Debug|Any CPU.Build.0 = Debug|Any CPU
		{2FB9CC0B-93D7-4A79-AD12-A889878931C5}.Release|Any CPU.ActiveCfg = Release|Any CPU
		{2FB9CC0B-93D7-4A79-AD12-A889878931C5}.Release|Any CPU.Build.0 = Release|Any CPU
		{5766F7B2-4C63-4FC2-AC35-7D7B75FF6673}.Debug|Any CPU.ActiveCfg = Debug|Any CPU
		{5766F7B2-4C63-4FC2-AC35-7D7B75FF6673}.Debug|Any CPU.Build.0 = Debug|Any CPU
		{5766F7B2-4C63-4FC2-AC35-7D7B75FF6673}.Release|Any CPU.ActiveCfg = Release|Any CPU
		{5766F7B2-4C63-4FC2-AC35-7D7B75FF6673}.Release|Any CPU.Build.0 = Release|Any CPU
		{E4976B2A-9012-4B03-AD2B-42E751335762}.Debug|Any CPU.ActiveCfg = Debug|Any CPU
		{E4976B2A-9012-4B03-AD2B-42E751335762}.Debug|Any CPU.Build.0 = Debug|Any CPU
		{E4976B2A-9012-4B03-AD2B-42E751335762}.Release|Any CPU.ActiveCfg = Release|Any CPU
		{E4976B2A-9012-4B03-AD2B-42E751335762}.Release|Any CPU.Build.0 = Release|Any CPU
		{7DF8AB18-46FD-4D97-81C3-5E5DA9F4B00B}.Debug|Any CPU.ActiveCfg = Debug|Any CPU
		{7DF8AB18-46FD-4D97-81C3-5E5DA9F4B00B}.Debug|Any CPU.Build.0 = Debug|Any CPU
		{7DF8AB18-46FD-4D97-81C3-5E5DA9F4B00B}.Release|Any CPU.ActiveCfg = Release|Any CPU
		{7DF8AB18-46FD-4D97-81C3-5E5DA9F4B00B}.Release|Any CPU.Build.0 = Release|Any CPU
		{9E61FF3C-4C10-4245-83DA-51BC6455553C}.Debug|Any CPU.ActiveCfg = Debug|Any CPU
		{9E61FF3C-4C10-4245-83DA-51BC6455553C}.Debug|Any CPU.Build.0 = Debug|Any CPU
		{9E61FF3C-4C10-4245-83DA-51BC6455553C}.Release|Any CPU.ActiveCfg = Release|Any CPU
		{9E61FF3C-4C10-4245-83DA-51BC6455553C}.Release|Any CPU.Build.0 = Release|Any CPU
		{BDB84518-0FAB-410D-A596-DCD34F6403B1}.Debug|Any CPU.ActiveCfg = Debug|Any CPU
		{BDB84518-0FAB-410D-A596-DCD34F6403B1}.Debug|Any CPU.Build.0 = Debug|Any CPU
		{BDB84518-0FAB-410D-A596-DCD34F6403B1}.Release|Any CPU.ActiveCfg = Release|Any CPU
		{BDB84518-0FAB-410D-A596-DCD34F6403B1}.Release|Any CPU.Build.0 = Release|Any CPU
	EndGlobalSection
	GlobalSection(SolutionProperties) = preSolution
		HideSolutionNode = FALSE
	EndGlobalSection
	GlobalSection(ExtensibilityGlobals) = postSolution
		SolutionGuid = {1D56B431-40A3-4639-B07B-0A134BD6BE76}
	EndGlobalSection
EndGlobal
